
Microsoft Visual Studio Solution File, Format Version 12.00
# Visual Studio 15
VisualStudioVersion = 15.0.28307.1082
MinimumVisualStudioVersion = 10.0.40219.1
Project("{FAE04EC0-301F-11D3-BF4B-00C04F79EFBC}") = "Bitirme_Projem_MVC", "Bitirme_Projem_MVC\Bitirme_Projem_MVC.csproj", "{ADF99632-FE4D-4CA7-BA60-413727774D9B}"
EndProject
Project("{FAE04EC0-301F-11D3-BF4B-00C04F79EFBC}") = "Bitirme_Projem_BussinesLayer", "Bitirme_Projem_BussinesLayer\Bitirme_Projem_BussinesLayer.csproj", "{51040244-BBCD-4875-A804-9B2FFB0F290A}"
EndProject
Project("{FAE04EC0-301F-11D3-BF4B-00C04F79EFBC}") = "Bitirme_Projem_DataAcessLayer", "Bitirme_Projem_DataAcessLayer\Bitirme_Projem_DataAcessLayer.csproj", "{FE66562E-D4C3-446D-97BA-DC0B04C30CCC}"
EndProject
Project("{FAE04EC0-301F-11D3-BF4B-00C04F79EFBC}") = "Bitirme_Projem_Entities", "Bitirme_Projem_Entities\Bitirme_Projem_Entities.csproj", "{EBE84E85-E0BC-4BCB-9DD3-C3CBB8BC3C64}"
EndProject
Project("{FAE04EC0-301F-11D3-BF4B-00C04F79EFBC}") = "Bitirme_Projem_Common", "Common\Bitirme_Projem_Common.csproj", "{24733F77-9568-4B1D-A977-E4556CF0F3A8}"
EndProject
Global
	GlobalSection(SolutionConfigurationPlatforms) = preSolution
		Debug|Any CPU = Debug|Any CPU
		Release|Any CPU = Release|Any CPU
	EndGlobalSection
	GlobalSection(ProjectConfigurationPlatforms) = postSolution
		{ADF99632-FE4D-4CA7-BA60-413727774D9B}.Debug|Any CPU.ActiveCfg = Debug|Any CPU
		{ADF99632-FE4D-4CA7-BA60-413727774D9B}.Debug|Any CPU.Build.0 = Debug|Any CPU
		{ADF99632-FE4D-4CA7-BA60-413727774D9B}.Release|Any CPU.ActiveCfg = Release|Any CPU
		{ADF99632-FE4D-4CA7-BA60-413727774D9B}.Release|Any CPU.Build.0 = Release|Any CPU
		{51040244-BBCD-4875-A804-9B2FFB0F290A}.Debug|Any CPU.ActiveCfg = Debug|Any CPU
		{51040244-BBCD-4875-A804-9B2FFB0F290A}.Debug|Any CPU.Build.0 = Debug|Any CPU
		{51040244-BBCD-4875-A804-9B2FFB0F290A}.Release|Any CPU.ActiveCfg = Release|Any CPU
		{51040244-BBCD-4875-A804-9B2FFB0F290A}.Release|Any CPU.Build.0 = Release|Any CPU
		{FE66562E-D4C3-446D-97BA-DC0B04C30CCC}.Debug|Any CPU.ActiveCfg = Debug|Any CPU
		{FE66562E-D4C3-446D-97BA-DC0B04C30CCC}.Debug|Any CPU.Build.0 = Debug|Any CPU
		{FE66562E-D4C3-446D-97BA-DC0B04C30CCC}.Release|Any CPU.ActiveCfg = Release|Any CPU
		{FE66562E-D4C3-446D-97BA-DC0B04C30CCC}.Release|Any CPU.Build.0 = Release|Any CPU
		{EBE84E85-E0BC-4BCB-9DD3-C3CBB8BC3C64}.Debug|Any CPU.ActiveCfg = Debug|Any CPU
		{EBE84E85-E0BC-4BCB-9DD3-C3CBB8BC3C64}.Debug|Any CPU.Build.0 = Debug|Any CPU
		{EBE84E85-E0BC-4BCB-9DD3-C3CBB8BC3C64}.Release|Any CPU.ActiveCfg = Release|Any CPU
		{EBE84E85-E0BC-4BCB-9DD3-C3CBB8BC3C64}.Release|Any CPU.Build.0 = Release|Any CPU
		{24733F77-9568-4B1D-A977-E4556CF0F3A8}.Debug|Any CPU.ActiveCfg = Debug|Any CPU
		{24733F77-9568-4B1D-A977-E4556CF0F3A8}.Debug|Any CPU.Build.0 = Debug|Any CPU
		{24733F77-9568-4B1D-A977-E4556CF0F3A8}.Release|Any CPU.ActiveCfg = Release|Any CPU
		{24733F77-9568-4B1D-A977-E4556CF0F3A8}.Release|Any CPU.Build.0 = Release|Any CPU
	EndGlobalSection
	GlobalSection(SolutionProperties) = preSolution
		HideSolutionNode = FALSE
	EndGlobalSection
	GlobalSection(ExtensibilityGlobals) = postSolution
		SolutionGuid = {F137334C-C78D-49AB-A1E7-05C63ABAE900}
	EndGlobalSection
EndGlobal
